
Microsoft Visual Studio Solution File, Format Version 12.00
# Visual Studio Version 17
VisualStudioVersion = 17.3.32929.385
MinimumVisualStudioVersion = 10.0.40219.1
Project("{9A19103F-16F7-4668-BE54-9A1E7A4F7556}") = "Typedown", "Dev\Typedown\Typedown.csproj", "{59805442-1FD1-476C-A783-C2E3EB7D4478}"
EndProject
Project("{C7167F0D-BC9F-4E6E-AFE1-012C56B48DB5}") = "Typedown.Package", "Tools\Typedown.Package\Typedown.Package.wapproj", "{01EEE687-39B7-4A6C-B094-D398BF49E8D9}"
EndProject
Project("{2150E333-8FDC-42A3-9474-1A3956D46DE8}") = "Tools", "Tools", "{9FF1ED00-9B9C-40CF-A0A2-68E9F2640CB4}"
EndProject
Project("{9A19103F-16F7-4668-BE54-9A1E7A4F7556}") = "DatabaseMigration", "Tools\DatabaseMigration\DatabaseMigration.csproj", "{D890EBB0-B717-483A-AF99-3EE16B35B041}"
EndProject
Project("{54A90642-561A-4BB1-A94E-469ADEE60C69}") = "Typedown.Editor", "Dev\Typedown.Editor\Typedown.Editor.esproj", "{DC6E07F0-C13B-4600-9857-4214E6036583}"
EndProject
Project("{9A19103F-16F7-4668-BE54-9A1E7A4F7556}") = "Typedown.Test", "Tests\Typedown.Test\Typedown.Test.csproj", "{B3BD8EAB-180B-42BC-B997-640725E71974}"
EndProject
Project("{9A19103F-16F7-4668-BE54-9A1E7A4F7556}") = "Typedown.Core.Test", "Tests\Typedown.Universal.Test\Typedown.Core.Test.csproj", "{D2283D07-82FF-4EF6-B332-E5C4889D2567}"
EndProject
Project("{2150E333-8FDC-42A3-9474-1A3956D46DE8}") = "Tests", "Tests", "{9FF4D6E1-2E2D-4F03-90AE-B5AE028C7F54}"
EndProject
Project("{9A19103F-16F7-4668-BE54-9A1E7A4F7556}") = "Typedown.UITest", "Tests\Typedown.UITest\Typedown.UITest.csproj", "{9A59F339-E01E-4ED2-863E-110EC7DED0E1}"
EndProject
Project("{FAE04EC0-301F-11D3-BF4B-00C04F79EFBC}") = "Typedown.Core", "Dev\Typedown.Core\Typedown.Core.csproj", "{3538AD79-BD49-4081-B10B-090E4F75F6FB}"
EndProject
Project("{FAE04EC0-301F-11D3-BF4B-00C04F79EFBC}") = "XamlDesignApp", "Tools\XamlDesignApp\XamlDesignApp.csproj", "{7E4518ED-AE38-4099-963B-3D8BE111ED58}"
EndProject
Global
	GlobalSection(SolutionConfigurationPlatforms) = preSolution
		Debug|Any CPU = Debug|Any CPU
		Debug|ARM = Debug|ARM
		Debug|ARM64 = Debug|ARM64
		Debug|x64 = Debug|x64
		Debug|x86 = Debug|x86
		Release|Any CPU = Release|Any CPU
		Release|ARM = Release|ARM
		Release|ARM64 = Release|ARM64
		Release|x64 = Release|x64
		Release|x86 = Release|x86
	EndGlobalSection
	GlobalSection(ProjectConfigurationPlatforms) = postSolution
		{59805442-1FD1-476C-A783-C2E3EB7D4478}.Debug|Any CPU.ActiveCfg = Debug|x64
		{59805442-1FD1-476C-A783-C2E3EB7D4478}.Debug|Any CPU.Build.0 = Debug|x64
		{59805442-1FD1-476C-A783-C2E3EB7D4478}.Debug|ARM.ActiveCfg = Debug|x64
		{59805442-1FD1-476C-A783-C2E3EB7D4478}.Debug|ARM.Build.0 = Debug|x64
		{59805442-1FD1-476C-A783-C2E3EB7D4478}.Debug|ARM64.ActiveCfg = Debug|x64
		{59805442-1FD1-476C-A783-C2E3EB7D4478}.Debug|ARM64.Build.0 = Debug|x64
		{59805442-1FD1-476C-A783-C2E3EB7D4478}.Debug|x64.ActiveCfg = Debug|x64
		{59805442-1FD1-476C-A783-C2E3EB7D4478}.Debug|x64.Build.0 = Debug|x64
		{59805442-1FD1-476C-A783-C2E3EB7D4478}.Debug|x86.ActiveCfg = Debug|x86
		{59805442-1FD1-476C-A783-C2E3EB7D4478}.Debug|x86.Build.0 = Debug|x86
		{59805442-1FD1-476C-A783-C2E3EB7D4478}.Release|Any CPU.ActiveCfg = Release|x64
		{59805442-1FD1-476C-A783-C2E3EB7D4478}.Release|Any CPU.Build.0 = Release|x64
		{59805442-1FD1-476C-A783-C2E3EB7D4478}.Release|ARM.ActiveCfg = Release|x64
		{59805442-1FD1-476C-A783-C2E3EB7D4478}.Release|ARM.Build.0 = Release|x64
		{59805442-1FD1-476C-A783-C2E3EB7D4478}.Release|ARM64.ActiveCfg = Release|x64
		{59805442-1FD1-476C-A783-C2E3EB7D4478}.Release|ARM64.Build.0 = Release|x64
		{59805442-1FD1-476C-A783-C2E3EB7D4478}.Release|x64.ActiveCfg = Release|x64
		{59805442-1FD1-476C-A783-C2E3EB7D4478}.Release|x64.Build.0 = Release|x64
		{59805442-1FD1-476C-A783-C2E3EB7D4478}.Release|x86.ActiveCfg = Release|x86
		{59805442-1FD1-476C-A783-C2E3EB7D4478}.Release|x86.Build.0 = Release|x86
		{01EEE687-39B7-4A6C-B094-D398BF49E8D9}.Debug|Any CPU.ActiveCfg = Debug|x64
		{01EEE687-39B7-4A6C-B094-D398BF49E8D9}.Debug|Any CPU.Build.0 = Debug|x64
		{01EEE687-39B7-4A6C-B094-D398BF49E8D9}.Debug|Any CPU.Deploy.0 = Debug|x64
		{01EEE687-39B7-4A6C-B094-D398BF49E8D9}.Debug|ARM.ActiveCfg = Debug|x64
		{01EEE687-39B7-4A6C-B094-D398BF49E8D9}.Debug|ARM.Build.0 = Debug|x64
		{01EEE687-39B7-4A6C-B094-D398BF49E8D9}.Debug|ARM.Deploy.0 = Debug|x64
		{01EEE687-39B7-4A6C-B094-D398BF49E8D9}.Debug|ARM64.ActiveCfg = Debug|x64
		{01EEE687-39B7-4A6C-B094-D398BF49E8D9}.Debug|ARM64.Build.0 = Debug|x64
		{01EEE687-39B7-4A6C-B094-D398BF49E8D9}.Debug|ARM64.Deploy.0 = Debug|x64
		{01EEE687-39B7-4A6C-B094-D398BF49E8D9}.Debug|x64.ActiveCfg = Debug|x64
		{01EEE687-39B7-4A6C-B094-D398BF49E8D9}.Debug|x64.Build.0 = Debug|x64
		{01EEE687-39B7-4A6C-B094-D398BF49E8D9}.Debug|x64.Deploy.0 = Debug|x64
		{01EEE687-39B7-4A6C-B094-D398BF49E8D9}.Debug|x86.ActiveCfg = Debug|x86
		{01EEE687-39B7-4A6C-B094-D398BF49E8D9}.Debug|x86.Build.0 = Debug|x86
		{01EEE687-39B7-4A6C-B094-D398BF49E8D9}.Debug|x86.Deploy.0 = Debug|x86
		{01EEE687-39B7-4A6C-B094-D398BF49E8D9}.Release|Any CPU.ActiveCfg = Release|x64
		{01EEE687-39B7-4A6C-B094-D398BF49E8D9}.Release|Any CPU.Build.0 = Release|x64
		{01EEE687-39B7-4A6C-B094-D398BF49E8D9}.Release|Any CPU.Deploy.0 = Release|x64
		{01EEE687-39B7-4A6C-B094-D398BF49E8D9}.Release|ARM.ActiveCfg = Release|x64
		{01EEE687-39B7-4A6C-B094-D398BF49E8D9}.Release|ARM.Build.0 = Release|x64
		{01EEE687-39B7-4A6C-B094-D398BF49E8D9}.Release|ARM.Deploy.0 = Release|x64
		{01EEE687-39B7-4A6C-B094-D398BF49E8D9}.Release|ARM64.ActiveCfg = Release|x64
		{01EEE687-39B7-4A6C-B094-D398BF49E8D9}.Release|ARM64.Build.0 = Release|x64
		{01EEE687-39B7-4A6C-B094-D398BF49E8D9}.Release|ARM64.Deploy.0 = Release|x64
		{01EEE687-39B7-4A6C-B094-D398BF49E8D9}.Release|x64.ActiveCfg = Release|x64
		{01EEE687-39B7-4A6C-B094-D398BF49E8D9}.Release|x64.Build.0 = Release|x64
		{01EEE687-39B7-4A6C-B094-D398BF49E8D9}.Release|x64.Deploy.0 = Release|x64
		{01EEE687-39B7-4A6C-B094-D398BF49E8D9}.Release|x86.ActiveCfg = Release|x86
		{01EEE687-39B7-4A6C-B094-D398BF49E8D9}.Release|x86.Build.0 = Release|x86
		{01EEE687-39B7-4A6C-B094-D398BF49E8D9}.Release|x86.Deploy.0 = Release|x86
		{D890EBB0-B717-483A-AF99-3EE16B35B041}.Debug|Any CPU.ActiveCfg = Debug|x64
		{D890EBB0-B717-483A-AF99-3EE16B35B041}.Debug|Any CPU.Build.0 = Debug|x64
		{D890EBB0-B717-483A-AF99-3EE16B35B041}.Debug|ARM.ActiveCfg = Debug|x64
		{D890EBB0-B717-483A-AF99-3EE16B35B041}.Debug|ARM.Build.0 = Debug|x64
		{D890EBB0-B717-483A-AF99-3EE16B35B041}.Debug|ARM64.ActiveCfg = Debug|x64
		{D890EBB0-B717-483A-AF99-3EE16B35B041}.Debug|ARM64.Build.0 = Debug|x64
		{D890EBB0-B717-483A-AF99-3EE16B35B041}.Debug|x64.ActiveCfg = Debug|x64
		{D890EBB0-B717-483A-AF99-3EE16B35B041}.Debug|x64.Build.0 = Debug|x64
		{D890EBB0-B717-483A-AF99-3EE16B35B041}.Debug|x86.ActiveCfg = Debug|x86
		{D890EBB0-B717-483A-AF99-3EE16B35B041}.Debug|x86.Build.0 = Debug|x86
		{D890EBB0-B717-483A-AF99-3EE16B35B041}.Release|Any CPU.ActiveCfg = Release|x64
		{D890EBB0-B717-483A-AF99-3EE16B35B041}.Release|Any CPU.Build.0 = Release|x64
		{D890EBB0-B717-483A-AF99-3EE16B35B041}.Release|ARM.ActiveCfg = Release|x64
		{D890EBB0-B717-483A-AF99-3EE16B35B041}.Release|ARM.Build.0 = Release|x64
		{D890EBB0-B717-483A-AF99-3EE16B35B041}.Release|ARM64.ActiveCfg = Release|x64
		{D890EBB0-B717-483A-AF99-3EE16B35B041}.Release|ARM64.Build.0 = Release|x64
		{D890EBB0-B717-483A-AF99-3EE16B35B041}.Release|x64.ActiveCfg = Release|x64
		{D890EBB0-B717-483A-AF99-3EE16B35B041}.Release|x86.ActiveCfg = Release|x86
		{DC6E07F0-C13B-4600-9857-4214E6036583}.Debug|Any CPU.ActiveCfg = Debug|Any CPU
		{DC6E07F0-C13B-4600-9857-4214E6036583}.Debug|Any CPU.Build.0 = Debug|Any CPU
		{DC6E07F0-C13B-4600-9857-4214E6036583}.Debug|Any CPU.Deploy.0 = Debug|Any CPU
		{DC6E07F0-C13B-4600-9857-4214E6036583}.Debug|ARM.ActiveCfg = Debug|Any CPU
		{DC6E07F0-C13B-4600-9857-4214E6036583}.Debug|ARM.Build.0 = Debug|Any CPU
		{DC6E07F0-C13B-4600-9857-4214E6036583}.Debug|ARM.Deploy.0 = Debug|Any CPU
		{DC6E07F0-C13B-4600-9857-4214E6036583}.Debug|ARM64.ActiveCfg = Debug|Any CPU
		{DC6E07F0-C13B-4600-9857-4214E6036583}.Debug|ARM64.Build.0 = Debug|Any CPU
		{DC6E07F0-C13B-4600-9857-4214E6036583}.Debug|ARM64.Deploy.0 = Debug|Any CPU
		{DC6E07F0-C13B-4600-9857-4214E6036583}.Debug|x64.ActiveCfg = Debug|Any CPU
		{DC6E07F0-C13B-4600-9857-4214E6036583}.Debug|x64.Build.0 = Debug|Any CPU
		{DC6E07F0-C13B-4600-9857-4214E6036583}.Debug|x86.ActiveCfg = Debug|Any CPU
		{DC6E07F0-C13B-4600-9857-4214E6036583}.Debug|x86.Build.0 = Debug|Any CPU
		{DC6E07F0-C13B-4600-9857-4214E6036583}.Release|Any CPU.ActiveCfg = Release|Any CPU
		{DC6E07F0-C13B-4600-9857-4214E6036583}.Release|Any CPU.Build.0 = Release|Any CPU
		{DC6E07F0-C13B-4600-9857-4214E6036583}.Release|Any CPU.Deploy.0 = Release|Any CPU
		{DC6E07F0-C13B-4600-9857-4214E6036583}.Release|ARM.ActiveCfg = Release|Any CPU
		{DC6E07F0-C13B-4600-9857-4214E6036583}.Release|ARM.Build.0 = Release|Any CPU
		{DC6E07F0-C13B-4600-9857-4214E6036583}.Release|ARM.Deploy.0 = Release|Any CPU
		{DC6E07F0-C13B-4600-9857-4214E6036583}.Release|ARM64.ActiveCfg = Release|Any CPU
		{DC6E07F0-C13B-4600-9857-4214E6036583}.Release|ARM64.Build.0 = Release|Any CPU
		{DC6E07F0-C13B-4600-9857-4214E6036583}.Release|ARM64.Deploy.0 = Release|Any CPU
		{DC6E07F0-C13B-4600-9857-4214E6036583}.Release|x64.ActiveCfg = Release|Any CPU
		{DC6E07F0-C13B-4600-9857-4214E6036583}.Release|x64.Build.0 = Release|Any CPU
		{DC6E07F0-C13B-4600-9857-4214E6036583}.Release|x86.ActiveCfg = Release|Any CPU
		{DC6E07F0-C13B-4600-9857-4214E6036583}.Release|x86.Build.0 = Release|Any CPU
		{B3BD8EAB-180B-42BC-B997-640725E71974}.Debug|Any CPU.ActiveCfg = Debug|x64
		{B3BD8EAB-180B-42BC-B997-640725E71974}.Debug|Any CPU.Build.0 = Debug|x64
		{B3BD8EAB-180B-42BC-B997-640725E71974}.Debug|ARM.ActiveCfg = Debug|x64
		{B3BD8EAB-180B-42BC-B997-640725E71974}.Debug|ARM.Build.0 = Debug|x64
		{B3BD8EAB-180B-42BC-B997-640725E71974}.Debug|ARM64.ActiveCfg = Debug|x64
		{B3BD8EAB-180B-42BC-B997-640725E71974}.Debug|ARM64.Build.0 = Debug|x64
		{B3BD8EAB-180B-42BC-B997-640725E71974}.Debug|x64.ActiveCfg = Debug|x64
		{B3BD8EAB-180B-42BC-B997-640725E71974}.Debug|x64.Build.0 = Debug|x64
		{B3BD8EAB-180B-42BC-B997-640725E71974}.Debug|x86.ActiveCfg = Debug|x86
		{B3BD8EAB-180B-42BC-B997-640725E71974}.Debug|x86.Build.0 = Debug|x86
		{B3BD8EAB-180B-42BC-B997-640725E71974}.Release|Any CPU.ActiveCfg = Release|x64
		{B3BD8EAB-180B-42BC-B997-640725E71974}.Release|Any CPU.Build.0 = Release|x64
		{B3BD8EAB-180B-42BC-B997-640725E71974}.Release|ARM.ActiveCfg = Release|x64
		{B3BD8EAB-180B-42BC-B997-640725E71974}.Release|ARM.Build.0 = Release|x64
		{B3BD8EAB-180B-42BC-B997-640725E71974}.Release|ARM64.ActiveCfg = Release|x64
		{B3BD8EAB-180B-42BC-B997-640725E71974}.Release|ARM64.Build.0 = Release|x64
		{B3BD8EAB-180B-42BC-B997-640725E71974}.Release|x64.ActiveCfg = Release|x64
		{B3BD8EAB-180B-42BC-B997-640725E71974}.Release|x86.ActiveCfg = Release|x86
		{D2283D07-82FF-4EF6-B332-E5C4889D2567}.Debug|Any CPU.ActiveCfg = Debug|x64
		{D2283D07-82FF-4EF6-B332-E5C4889D2567}.Debug|Any CPU.Build.0 = Debug|x64
		{D2283D07-82FF-4EF6-B332-E5C4889D2567}.Debug|ARM.ActiveCfg = Debug|x64
		{D2283D07-82FF-4EF6-B332-E5C4889D2567}.Debug|ARM.Build.0 = Debug|x64
		{D2283D07-82FF-4EF6-B332-E5C4889D2567}.Debug|ARM64.ActiveCfg = Debug|x64
		{D2283D07-82FF-4EF6-B332-E5C4889D2567}.Debug|ARM64.Build.0 = Debug|x64
		{D2283D07-82FF-4EF6-B332-E5C4889D2567}.Debug|x64.ActiveCfg = Debug|x64
		{D2283D07-82FF-4EF6-B332-E5C4889D2567}.Debug|x64.Build.0 = Debug|x64
		{D2283D07-82FF-4EF6-B332-E5C4889D2567}.Debug|x86.ActiveCfg = Debug|x86
		{D2283D07-82FF-4EF6-B332-E5C4889D2567}.Debug|x86.Build.0 = Debug|x86
		{D2283D07-82FF-4EF6-B332-E5C4889D2567}.Release|Any CPU.ActiveCfg = Release|x64
		{D2283D07-82FF-4EF6-B332-E5C4889D2567}.Release|Any CPU.Build.0 = Release|x64
		{D2283D07-82FF-4EF6-B332-E5C4889D2567}.Release|ARM.ActiveCfg = Release|x64
		{D2283D07-82FF-4EF6-B332-E5C4889D2567}.Release|ARM.Build.0 = Release|x64
		{D2283D07-82FF-4EF6-B332-E5C4889D2567}.Release|ARM64.ActiveCfg = Release|x64
		{D2283D07-82FF-4EF6-B332-E5C4889D2567}.Release|ARM64.Build.0 = Release|x64
		{D2283D07-82FF-4EF6-B332-E5C4889D2567}.Release|x64.ActiveCfg = Release|x64
		{D2283D07-82FF-4EF6-B332-E5C4889D2567}.Release|x86.ActiveCfg = Release|x86
		{9A59F339-E01E-4ED2-863E-110EC7DED0E1}.Debug|Any CPU.ActiveCfg = Debug|x64
		{9A59F339-E01E-4ED2-863E-110EC7DED0E1}.Debug|Any CPU.Build.0 = Debug|x64
		{9A59F339-E01E-4ED2-863E-110EC7DED0E1}.Debug|ARM.ActiveCfg = Debug|x64
		{9A59F339-E01E-4ED2-863E-110EC7DED0E1}.Debug|ARM.Build.0 = Debug|x64
		{9A59F339-E01E-4ED2-863E-110EC7DED0E1}.Debug|ARM64.ActiveCfg = Debug|x64
		{9A59F339-E01E-4ED2-863E-110EC7DED0E1}.Debug|ARM64.Build.0 = Debug|x64
		{9A59F339-E01E-4ED2-863E-110EC7DED0E1}.Debug|x64.ActiveCfg = Debug|x64
		{9A59F339-E01E-4ED2-863E-110EC7DED0E1}.Debug|x64.Build.0 = Debug|x64
		{9A59F339-E01E-4ED2-863E-110EC7DED0E1}.Debug|x86.ActiveCfg = Debug|x86
		{9A59F339-E01E-4ED2-863E-110EC7DED0E1}.Debug|x86.Build.0 = Debug|x86
		{9A59F339-E01E-4ED2-863E-110EC7DED0E1}.Release|Any CPU.ActiveCfg = Release|x64
		{9A59F339-E01E-4ED2-863E-110EC7DED0E1}.Release|Any CPU.Build.0 = Release|x64
		{9A59F339-E01E-4ED2-863E-110EC7DED0E1}.Release|ARM.ActiveCfg = Release|x64
		{9A59F339-E01E-4ED2-863E-110EC7DED0E1}.Release|ARM.Build.0 = Release|x64
		{9A59F339-E01E-4ED2-863E-110EC7DED0E1}.Release|ARM64.ActiveCfg = Release|x64
		{9A59F339-E01E-4ED2-863E-110EC7DED0E1}.Release|ARM64.Build.0 = Release|x64
		{9A59F339-E01E-4ED2-863E-110EC7DED0E1}.Release|x64.ActiveCfg = Release|x64
		{9A59F339-E01E-4ED2-863E-110EC7DED0E1}.Release|x86.ActiveCfg = Release|x86
		{3538AD79-BD49-4081-B10B-090E4F75F6FB}.Debug|Any CPU.ActiveCfg = Debug|Any CPU
		{3538AD79-BD49-4081-B10B-090E4F75F6FB}.Debug|Any CPU.Build.0 = Debug|Any CPU
		{3538AD79-BD49-4081-B10B-090E4F75F6FB}.Debug|ARM.ActiveCfg = Debug|ARM
		{3538AD79-BD49-4081-B10B-090E4F75F6FB}.Debug|ARM.Build.0 = Debug|ARM
		{3538AD79-BD49-4081-B10B-090E4F75F6FB}.Debug|ARM64.ActiveCfg = Debug|ARM64
		{3538AD79-BD49-4081-B10B-090E4F75F6FB}.Debug|ARM64.Build.0 = Debug|ARM64
		{3538AD79-BD49-4081-B10B-090E4F75F6FB}.Debug|x64.ActiveCfg = Debug|x64
		{3538AD79-BD49-4081-B10B-090E4F75F6FB}.Debug|x64.Build.0 = Debug|x64
		{3538AD79-BD49-4081-B10B-090E4F75F6FB}.Debug|x86.ActiveCfg = Debug|x86
		{3538AD79-BD49-4081-B10B-090E4F75F6FB}.Debug|x86.Build.0 = Debug|x86
		{3538AD79-BD49-4081-B10B-090E4F75F6FB}.Release|Any CPU.ActiveCfg = Release|Any CPU
		{3538AD79-BD49-4081-B10B-090E4F75F6FB}.Release|Any CPU.Build.0 = Release|Any CPU
		{3538AD79-BD49-4081-B10B-090E4F75F6FB}.Release|ARM.ActiveCfg = Release|ARM
		{3538AD79-BD49-4081-B10B-090E4F75F6FB}.Release|ARM.Build.0 = Release|ARM
		{3538AD79-BD49-4081-B10B-090E4F75F6FB}.Release|ARM64.ActiveCfg = Release|ARM64
		{3538AD79-BD49-4081-B10B-090E4F75F6FB}.Release|ARM64.Build.0 = Release|ARM64
		{3538AD79-BD49-4081-B10B-090E4F75F6FB}.Release|x64.ActiveCfg = Release|x64
		{3538AD79-BD49-4081-B10B-090E4F75F6FB}.Release|x64.Build.0 = Release|x64
		{3538AD79-BD49-4081-B10B-090E4F75F6FB}.Release|x86.ActiveCfg = Release|x86
		{3538AD79-BD49-4081-B10B-090E4F75F6FB}.Release|x86.Build.0 = Release|x86
		{7E4518ED-AE38-4099-963B-3D8BE111ED58}.Debug|Any CPU.ActiveCfg = Debug|x64
		{7E4518ED-AE38-4099-963B-3D8BE111ED58}.Debug|Any CPU.Build.0 = Debug|x64
		{7E4518ED-AE38-4099-963B-3D8BE111ED58}.Debug|Any CPU.Deploy.0 = Debug|x64
		{7E4518ED-AE38-4099-963B-3D8BE111ED58}.Debug|ARM.ActiveCfg = Debug|ARM
		{7E4518ED-AE38-4099-963B-3D8BE111ED58}.Debug|ARM.Build.0 = Debug|ARM
		{7E4518ED-AE38-4099-963B-3D8BE111ED58}.Debug|ARM.Deploy.0 = Debug|ARM
		{7E4518ED-AE38-4099-963B-3D8BE111ED58}.Debug|ARM64.ActiveCfg = Debug|ARM64
		{7E4518ED-AE38-4099-963B-3D8BE111ED58}.Debug|ARM64.Build.0 = Debug|ARM64
		{7E4518ED-AE38-4099-963B-3D8BE111ED58}.Debug|ARM64.Deploy.0 = Debug|ARM64
		{7E4518ED-AE38-4099-963B-3D8BE111ED58}.Debug|x64.ActiveCfg = Debug|x64
		{7E4518ED-AE38-4099-963B-3D8BE111ED58}.Debug|x64.Build.0 = Debug|x64
		{7E4518ED-AE38-4099-963B-3D8BE111ED58}.Debug|x64.Deploy.0 = Debug|x64
		{7E4518ED-AE38-4099-963B-3D8BE111ED58}.Debug|x86.ActiveCfg = Debug|x86
		{7E4518ED-AE38-4099-963B-3D8BE111ED58}.Debug|x86.Build.0 = Debug|x86
		{7E4518ED-AE38-4099-963B-3D8BE111ED58}.Debug|x86.Deploy.0 = Debug|x86
		{7E4518ED-AE38-4099-963B-3D8BE111ED58}.Release|Any CPU.ActiveCfg = Release|x64
		{7E4518ED-AE38-4099-963B-3D8BE111ED58}.Release|Any CPU.Build.0 = Release|x64
		{7E4518ED-AE38-4099-963B-3D8BE111ED58}.Release|Any CPU.Deploy.0 = Release|x64
		{7E4518ED-AE38-4099-963B-3D8BE111ED58}.Release|ARM.ActiveCfg = Release|ARM
		{7E4518ED-AE38-4099-963B-3D8BE111ED58}.Release|ARM.Build.0 = Release|ARM
		{7E4518ED-AE38-4099-963B-3D8BE111ED58}.Release|ARM.Deploy.0 = Release|ARM
		{7E4518ED-AE38-4099-963B-3D8BE111ED58}.Release|ARM64.ActiveCfg = Release|ARM64
		{7E4518ED-AE38-4099-963B-3D8BE111ED58}.Release|ARM64.Build.0 = Release|ARM64
		{7E4518ED-AE38-4099-963B-3D8BE111ED58}.Release|ARM64.Deploy.0 = Release|ARM64
		{7E4518ED-AE38-4099-963B-3D8BE111ED58}.Release|x64.ActiveCfg = Release|x64
		{7E4518ED-AE38-4099-963B-3D8BE111ED58}.Release|x64.Build.0 = Release|x64
		{7E4518ED-AE38-4099-963B-3D8BE111ED58}.Release|x64.Deploy.0 = Release|x64
		{7E4518ED-AE38-4099-963B-3D8BE111ED58}.Release|x86.ActiveCfg = Release|x86
		{7E4518ED-AE38-4099-963B-3D8BE111ED58}.Release|x86.Build.0 = Release|x86
		{7E4518ED-AE38-4099-963B-3D8BE111ED58}.Release|x86.Deploy.0 = Release|x86
	EndGlobalSection
	GlobalSection(SolutionProperties) = preSolution
		HideSolutionNode = FALSE
	EndGlobalSection
	GlobalSection(NestedProjects) = preSolution
		{01EEE687-39B7-4A6C-B094-D398BF49E8D9} = {9FF1ED00-9B9C-40CF-A0A2-68E9F2640CB4}
		{D890EBB0-B717-483A-AF99-3EE16B35B041} = {9FF1ED00-9B9C-40CF-A0A2-68E9F2640CB4}
		{B3BD8EAB-180B-42BC-B997-640725E71974} = {9FF4D6E1-2E2D-4F03-90AE-B5AE028C7F54}
		{D2283D07-82FF-4EF6-B332-E5C4889D2567} = {9FF4D6E1-2E2D-4F03-90AE-B5AE028C7F54}
		{9A59F339-E01E-4ED2-863E-110EC7DED0E1} = {9FF4D6E1-2E2D-4F03-90AE-B5AE028C7F54}
		{7E4518ED-AE38-4099-963B-3D8BE111ED58} = {9FF1ED00-9B9C-40CF-A0A2-68E9F2640CB4}
	EndGlobalSection
	GlobalSection(ExtensibilityGlobals) = postSolution
		SolutionGuid = {DF8FCD66-4C37-4993-8203-FC2A29823AB7}
	EndGlobalSection
EndGlobal
